<?xml version="1.0" encoding="utf-8"?>
<Project ToolsVersion="4.0" xmlns="http://schemas.microsoft.com/developer/msbuild/2003">
  <ItemGroup>
    <None Include=".editorconfig" />
  </ItemGroup>
  <ItemGroup>
    <ClCompile Include="Lumina.ixx" />
    <ClCompile Include="Lumina.Main.ixx" />
    <ClCompile Include="Game\ResourceManager.ixx">
      <Filter>Game</Filter>
    </ClCompile>
    <ClCompile Include="Game\ResourceManager.Audio.ixx">
      <Filter>Game</Filter>
    </ClCompile>
    <ClCompile Include="Game\ResourceManager.Graphics.ixx">
      <Filter>Game</Filter>
    </ClCompile>
    <ClCompile Include="External\ImGui\backends\imgui_impl_dx12.cpp">
      <Filter>External\ImGui\Backends</Filter>
    </ClCompile>
    <ClCompile Include="External\ImGui\backends\imgui_impl_win32.cpp">
      <Filter>External\ImGui\Backends</Filter>
    </ClCompile>
    <ClCompile Include="External\ImGui\imgui.cpp">
      <Filter>External\ImGui</Filter>
    </ClCompile>
    <ClCompile Include="External\ImGui\imgui_demo.cpp">
      <Filter>External\ImGui</Filter>
    </ClCompile>
    <ClCompile Include="External\ImGui\imgui_draw.cpp">
      <Filter>External\ImGui</Filter>
    </ClCompile>
    <ClCompile Include="External\ImGui\imgui_tables.cpp">
      <Filter>External\ImGui</Filter>
    </ClCompile>
    <ClCompile Include="External\ImGui\imgui_widgets.cpp">
      <Filter>External\ImGui</Filter>
    </ClCompile>
    <ClCompile Include="Utils\Utils.ImGui.ixx">
      <Filter>Utils</Filter>
    </ClCompile>
    <ClCompile Include="Game\Scene.ixx">
      <Filter>Game</Filter>
    </ClCompile>
    <ClCompile Include="Utils\Utils.Data.ixx">
      <Filter>Utils</Filter>
    </ClCompile>
    <ClCompile Include="Utils\Utils.Camera.ixx">
      <Filter>Utils</Filter>
    </ClCompile>
    <ClCompile Include="Utils\Utils.Misc.ixx">
      <Filter>Utils</Filter>
    </ClCompile>
    <ClCompile Include="Game\Sprite.ixx">
      <Filter>Game</Filter>
    </ClCompile>
    <ClCompile Include="Game\Sprite.Renderer.cpp">
      <Filter>Game</Filter>
    </ClCompile>
    <ClCompile Include="Game\MeshManager.cpp">
      <Filter>Game</Filter>
    </ClCompile>
    <ClCompile Include="Game\MeshManager.ixx">
      <Filter>Game</Filter>
    </ClCompile>
    <ClCompile Include="Lumina.Main.cpp" />
    <ClCompile Include="Utils\Utils.Data.Mesh.ixx">
      <Filter>Utils</Filter>
    </ClCompile>
    <ClCompile Include="Game\Primitive.ixx">
      <Filter>Game</Filter>
    </ClCompile>
    <ClCompile Include="Game\Primitive.cpp">
      <Filter>Game</Filter>
    </ClCompile>
  </ItemGroup>
  <ItemGroup>
    <Filter Include="Game">
      <UniqueIdentifier>{07613e66-b595-4fe0-83ef-230435e19df8}</UniqueIdentifier>
    </Filter>
    <Filter Include="Editor">
      <UniqueIdentifier>{74b94ee7-ad25-449c-8e30-8cfc586dcf91}</UniqueIdentifier>
    </Filter>
    <Filter Include="External">
      <UniqueIdentifier>{db4ac200-d24d-4141-aa88-35aab60c971a}</UniqueIdentifier>
    </Filter>
    <Filter Include="External\ImGui">
      <UniqueIdentifier>{ec3bdf7c-6f93-489d-95af-e0185188e08b}</UniqueIdentifier>
    </Filter>
    <Filter Include="External\ImGui\Backends">
      <UniqueIdentifier>{2192c61d-376f-437c-bbb9-c9d69163db13}</UniqueIdentifier>
    </Filter>
    <Filter Include="Utils">
      <UniqueIdentifier>{970f1451-d44f-4d63-ad0a-bb6f1f864629}</UniqueIdentifier>
    </Filter>
  </ItemGroup>
  <ItemGroup>
    <ClInclude Include="External\ImGui\backends\imgui_impl_dx12.h">
      <Filter>External\ImGui\Backends</Filter>
    </ClInclude>
    <ClInclude Include="External\ImGui\backends\imgui_impl_win32.h">
      <Filter>External\ImGui\Backends</Filter>
    </ClInclude>
    <ClInclude Include="External\ImGui\imconfig.h">
      <Filter>External\ImGui</Filter>
    </ClInclude>
    <ClInclude Include="External\ImGui\imgui.h">
      <Filter>External\ImGui</Filter>
    </ClInclude>
    <ClInclude Include="External\ImGui\imgui_internal.h">
      <Filter>External\ImGui</Filter>
    </ClInclude>
    <ClInclude Include="External\ImGui\imstb_rectpack.h">
      <Filter>External\ImGui</Filter>
    </ClInclude>
    <ClInclude Include="External\ImGui\imstb_textedit.h">
      <Filter>External\ImGui</Filter>
    </ClInclude>
    <ClInclude Include="External\ImGui\imstb_truetype.h">
      <Filter>External\ImGui</Filter>
    </ClInclude>
  </ItemGroup>
  <ItemGroup>
    <Text Include="External\ImGui\LICENSE.txt">
      <Filter>External\ImGui</Filter>
    </Text>
  </ItemGroup>
</Project>