<?xml version="1.0" encoding="utf-8"?>
<Project ToolsVersion="4.0" xmlns="http://schemas.microsoft.com/developer/msbuild/2003">
  <ItemGroup>
    <Filter Include="External">
      <UniqueIdentifier>{61f49c71-b8d2-4386-b0f9-f2ff17aa1853}</UniqueIdentifier>
    </Filter>
    <Filter Include="Scenes">
      <UniqueIdentifier>{3290b5f6-23e2-4231-9278-3c7eaccaa32a}</UniqueIdentifier>
    </Filter>
    <Filter Include="Scenes\InGame">
      <UniqueIdentifier>{0d08858b-d995-4b0f-b07b-e707b5c33e66}</UniqueIdentifier>
    </Filter>
    <Filter Include="Scenes\Hermite">
      <UniqueIdentifier>{866c901e-d835-4cca-af88-3e993dd146da}</UniqueIdentifier>
    </Filter>
    <Filter Include="Test">
      <UniqueIdentifier>{600c7b09-8013-4042-9255-2b72baa89fe4}</UniqueIdentifier>
    </Filter>
  </ItemGroup>
  <ItemGroup>
    <ClCompile Include="main.cpp" />
    <ClCompile Include="Scenes\InGame\Game.Scene.InGame.Impl.ixx">
      <Filter>Scenes\InGame</Filter>
    </ClCompile>
    <ClCompile Include="Scenes\InGame\Game.Scene.InGame.ixx">
      <Filter>Scenes\InGame</Filter>
    </ClCompile>
    <ClCompile Include="Scenes\InGame\Game.Scene.InGame.Initialize.cpp">
      <Filter>Scenes\InGame</Filter>
    </ClCompile>
    <ClCompile Include="Scenes\InGame\Game.Scene.InGame.Render.cpp">
      <Filter>Scenes\InGame</Filter>
    </ClCompile>
    <ClCompile Include="Scenes\InGame\Game.Scene.InGame.Update.cpp">
      <Filter>Scenes\InGame</Filter>
    </ClCompile>
    <ClCompile Include="Scenes\Hermite\Hermite.cpp">
      <Filter>Scenes\Hermite</Filter>
    </ClCompile>
    <ClCompile Include="Scenes\Hermite\Hermite.ixx">
      <Filter>Scenes\Hermite</Filter>
    </ClCompile>
    <ClCompile Include="Scenes\Hermite\MotionManager.cpp">
      <Filter>Scenes\Hermite</Filter>
    </ClCompile>
    <ClCompile Include="Scenes\Hermite\MotionManager.ixx">
      <Filter>Scenes\Hermite</Filter>
    </ClCompile>
    <ClCompile Include="Test\Game.CharacterTest.ixx">
      <Filter>Test</Filter>
    </ClCompile>
    <ClCompile Include="Test\Game.CharacterTest.cpp">
      <Filter>Test</Filter>
    </ClCompile>
  </ItemGroup>
  <ItemGroup>
    <None Include=".editorconfig" />
  </ItemGroup>
</Project>