<?xml version="1.0" encoding="utf-8"?>
<Project ToolsVersion="4.0" xmlns="http://schemas.microsoft.com/developer/msbuild/2003">
  <ItemGroup>
    <Filter Include="External">
      <UniqueIdentifier>{61f49c71-b8d2-4386-b0f9-f2ff17aa1853}</UniqueIdentifier>
    </Filter>
    <Filter Include="Scenes">
      <UniqueIdentifier>{3290b5f6-23e2-4231-9278-3c7eaccaa32a}</UniqueIdentifier>
    </Filter>
    <Filter Include="Scenes\InGame">
      <UniqueIdentifier>{0d08858b-d995-4b0f-b07b-e707b5c33e66}</UniqueIdentifier>
    </Filter>
    <Filter Include="Scenes\Hermite">
      <UniqueIdentifier>{866c901e-d835-4cca-af88-3e993dd146da}</UniqueIdentifier>
    </Filter>
    <Filter Include="Scenes\TDCollider">
      <UniqueIdentifier>{d54951f4-c64a-45c8-ad0e-8ee77b012b54}</UniqueIdentifier>
    </Filter>
    <Filter Include="Scenes\Player">
      <UniqueIdentifier>{8aea488a-f524-4b4b-86fa-8fdeb757c8c9}</UniqueIdentifier>
    </Filter>
    <Filter Include="Scenes\Player\States">
      <UniqueIdentifier>{3b096f1e-1342-45b6-a2f7-3f967848c2d1}</UniqueIdentifier>
    </Filter>
    <Filter Include="Scenes\MapInfo">
      <UniqueIdentifier>{3a677794-9f4c-41d1-b8e5-32302773ff31}</UniqueIdentifier>
    </Filter>
    <Filter Include="Scenes\Player\Umbrella">
      <UniqueIdentifier>{6b879442-6da7-45f7-bf57-0ba3ec4c30c4}</UniqueIdentifier>
    </Filter>
    <Filter Include="TerrainEditor">
      <UniqueIdentifier>{9bd74b84-ee90-46f7-8f43-cd4735399fdc}</UniqueIdentifier>
    </Filter>
    <Filter Include="Game">
      <UniqueIdentifier>{b0e30334-ce49-4706-aba5-cbf71624d890}</UniqueIdentifier>
    </Filter>
    <Filter Include="Game\Terrain">
      <UniqueIdentifier>{9c3cfdd8-34ff-4bb2-a9f6-0df55cbac6f8}</UniqueIdentifier>
    </Filter>
    <Filter Include="Scenes\Enemy">
      <UniqueIdentifier>{a4e1f3d2-8b7c-4e5f-9d6a-1c2b3d4e5f6a}</UniqueIdentifier>
    </Filter>
    <Filter Include="Scenes\ActorEditor">
      <UniqueIdentifier>{3d7d60de-743e-49ca-b6f2-64eab9b7f1d0}</UniqueIdentifier>
    </Filter>
    <Filter Include="Game\Debug">
      <UniqueIdentifier>{20bcad73-3ac5-4431-bb01-5f4097f360a3}</UniqueIdentifier>
    </Filter>
  </ItemGroup>
  <ItemGroup>
    <ClCompile Include="main.cpp" />
    <ClCompile Include="Scenes\InGame\Game.Scene.InGame.Impl.ixx">
      <Filter>Scenes\InGame</Filter>
    </ClCompile>
    <ClCompile Include="Scenes\InGame\Game.Scene.InGame.ixx">
      <Filter>Scenes\InGame</Filter>
    </ClCompile>
    <ClCompile Include="Scenes\InGame\Game.Scene.InGame.Initialize.cpp">
      <Filter>Scenes\InGame</Filter>
    </ClCompile>
    <ClCompile Include="Scenes\InGame\Game.Scene.InGame.Render.cpp">
      <Filter>Scenes\InGame</Filter>
    </ClCompile>
    <ClCompile Include="Scenes\InGame\Game.Scene.InGame.Update.cpp">
      <Filter>Scenes\InGame</Filter>
    </ClCompile>
    <ClCompile Include="Scenes\Hermite\Hermite.cpp">
      <Filter>Scenes\Hermite</Filter>
    </ClCompile>
    <ClCompile Include="Scenes\Hermite\Hermite.ixx">
      <Filter>Scenes\Hermite</Filter>
    </ClCompile>
    <ClCompile Include="Scenes\TDCollider\Collider.cpp">
      <Filter>Scenes\TDCollider</Filter>
    </ClCompile>
    <ClCompile Include="Scenes\TDCollider\CollisionManager.cpp">
      <Filter>Scenes\TDCollider</Filter>
    </ClCompile>
    <ClCompile Include="Scenes\TDCollider\GJK.cpp">
      <Filter>Scenes\TDCollider</Filter>
    </ClCompile>
    <ClCompile Include="Scenes\Player\InputHandler.cpp">
      <Filter>Scenes\Player</Filter>
    </ClCompile>
    <ClCompile Include="Scenes\Player\ManaComponent.cpp">
      <Filter>Scenes\Player</Filter>
    </ClCompile>
    <ClCompile Include="Scenes\Player\ManaComponent.ixx">
      <Filter>Scenes\Player</Filter>
    </ClCompile>
    <ClCompile Include="Scenes\Player\Player.Main.cpp">
      <Filter>Scenes\Player</Filter>
    </ClCompile>
    <ClCompile Include="Scenes\Player\States\PlayerState_Action.cpp">
      <Filter>Scenes\Player\States</Filter>
    </ClCompile>
    <ClCompile Include="Scenes\Player\States\PlayerState_Movement.cpp">
      <Filter>Scenes\Player\States</Filter>
    </ClCompile>
    <ClCompile Include="Scenes\MapInfo\Ground.cpp">
      <Filter>Scenes\MapInfo</Filter>
    </ClCompile>
    <ClCompile Include="Scenes\Player\Attachment.ixx">
      <Filter>Scenes\Player</Filter>
    </ClCompile>
    <ClCompile Include="Scenes\Player\Attachment.cpp">
      <Filter>Scenes\Player</Filter>
    </ClCompile>
    <ClCompile Include="Scenes\Hermite\MotionManager.cpp">
      <Filter>Scenes\Hermite</Filter>
    </ClCompile>
    <ClCompile Include="Scenes\Hermite\MotionManager.ixx">
      <Filter>Scenes\Hermite</Filter>
    </ClCompile>
    <ClCompile Include="Scenes\TDCollider\Collider.ixx">
      <Filter>Scenes\TDCollider</Filter>
    </ClCompile>
    <ClCompile Include="Scenes\Player\InputHandler.ixx">
      <Filter>Scenes\Player</Filter>
    </ClCompile>
    <ClCompile Include="Scenes\Player\States\PlayerStates.ixx">
      <Filter>Scenes\Player\States</Filter>
    </ClCompile>
    <ClCompile Include="Scenes\TDCollider\GJK.ixx">
      <Filter>Scenes\TDCollider</Filter>
    </ClCompile>
    <ClCompile Include="Scenes\TDCollider\CollisionManager.ixx">
      <Filter>Scenes\TDCollider</Filter>
    </ClCompile>
    <ClCompile Include="Scenes\Player\Player.Main.ixx">
      <Filter>Scenes\Player</Filter>
    </ClCompile>
    <ClCompile Include="Scenes\Player\MathUtils.ixx">
      <Filter>Scenes\Player</Filter>
    </ClCompile>
    <ClCompile Include="Scenes\Player\Umbrella\Umbrella.ixx">
      <Filter>Scenes\Player\Umbrella</Filter>
    </ClCompile>
    <ClCompile Include="Scenes\Player\Umbrella\Umbrella.Main.cpp">
      <Filter>Scenes\Player\Umbrella</Filter>
    </ClCompile>
    <ClCompile Include="Scenes\Player\Umbrella\Umbrella.Main.ixx">
      <Filter>Scenes\Player\Umbrella</Filter>
    </ClCompile>
    <ClCompile Include="Scenes\Player\Umbrella\Umbrella.State.cpp">
      <Filter>Scenes\Player\Umbrella</Filter>
    </ClCompile>
    <ClCompile Include="Scenes\Player\Umbrella\Umbrella.State.ixx">
      <Filter>Scenes\Player\Umbrella</Filter>
    </ClCompile>
    <ClCompile Include="Scenes\Player\Umbrella\Umbrella.Common.ixx">
      <Filter>Scenes\Player\Umbrella</Filter>
    </ClCompile>
    <ClCompile Include="Scenes\Player\Player.Common.ixx">
      <Filter>Scenes\Player</Filter>
    </ClCompile>
    <ClCompile Include="Scenes\Player\Player.ixx">
      <Filter>Scenes\Player</Filter>
    </ClCompile>
    <ClCompile Include="Scenes\MapInfo\Ground.ixx">
      <Filter>Scenes\MapInfo</Filter>
    </ClCompile>
    <ClCompile Include="TerrainEditor\Game.TerrainEditor.ixx">
      <Filter>TerrainEditor</Filter>
    </ClCompile>
    <ClCompile Include="TerrainEditor\Game.TerrainEditor.cpp">
      <Filter>TerrainEditor</Filter>
    </ClCompile>
    <ClCompile Include="TerrainEditor\Game.TerrainEditor.DataIO.cpp">
      <Filter>TerrainEditor</Filter>
    </ClCompile>
    <ClCompile Include="TerrainEditor\Game.TerrainEditor.FileIO.cpp">
      <Filter>TerrainEditor</Filter>
    </ClCompile>
    <ClCompile Include="Game\Terrain\Game.Terrain.ixx">
      <Filter>Game\Terrain</Filter>
    </ClCompile>
    <ClCompile Include="Game\Terrain\Game.Terrain.Shape.ixx">
      <Filter>Game\Terrain</Filter>
    </ClCompile>
    <ClCompile Include="Game\Terrain\Game.Terrain.Shape.cpp">
      <Filter>Game\Terrain</Filter>
    </ClCompile>
    <ClCompile Include="Game\Terrain\Game.Terrain.Render.ixx">
      <Filter>Game\Terrain</Filter>
    </ClCompile>
    <ClCompile Include="Game\Terrain\Game.Terrain.Render.cpp">
      <Filter>Game\Terrain</Filter>
    </ClCompile>
    <ClCompile Include="Scenes\EnemyEditor\Game.Scene.EnemyEditor.Impl.ixx" />
    <ClCompile Include="Scenes\EnemyEditor\Game.Scene.EnemyEditor.Initialize.cpp" />
    <ClCompile Include="Scenes\EnemyEditor\Game.Scene.EnemyEditor.Update.cpp" />
    <ClCompile Include="Scenes\AreaEditor\Game.Scene.AreaEditor.Impl.ixx" />
    <ClCompile Include="Scenes\AreaEditor\Game.Scene.AreaEditor.Initialize.cpp" />
    <ClCompile Include="Scenes\AreaEditor\Game.Scene.AreaEditor.Update.cpp" />
    <ClCompile Include="Scenes\Enemy\Game.EnemyManager.ixx">
      <Filter>Scenes\Enemy</Filter>
    </ClCompile>
    <ClCompile Include="Scenes\Enemy\Game.EnemyManager.cpp">
      <Filter>Scenes\Enemy</Filter>
    </ClCompile>
    <ClCompile Include="Scenes\ActorEditor\Game.Scene.ActorEditor.Impl.ixx">
      <Filter>Scenes\ActorEditor</Filter>
    </ClCompile>
    <ClCompile Include="Scenes\ActorEditor\Game.Scene.ActorEditor.Initialize.cpp">
      <Filter>Scenes\ActorEditor</Filter>
    </ClCompile>
    <ClCompile Include="Scenes\ActorEditor\Game.Scene.ActorEditor.Update.cpp">
      <Filter>Scenes\ActorEditor</Filter>
    </ClCompile>
    <ClCompile Include="Scenes\Player\StatusComponent.cpp" />
    <ClCompile Include="Scenes\Player\StatusComponent.ixx" />
    <ClCompile Include="Game\Debug\Game.ConvexColliderDebug.ixx">
      <Filter>Game\Debug</Filter>
    </ClCompile>
    <ClCompile Include="Game\Debug\Game.ConvexColliderDebug.cpp">
      <Filter>Game\Debug</Filter>
    </ClCompile>
  </ItemGroup>
  <ItemGroup>
    <None Include=".editorconfig" />
  </ItemGroup>
</Project>